
Microsoft Visual Studio Solution File, Format Version 12.00
# Visual Studio 15
Project("{FAE04EC0-301F-11D3-BF4B-00C04F79EFBC}") = "Assembly-CSharp", "Assembly-CSharp.csproj", "{58B3A271-EC86-331C-919A-4DFC8F5DC6AE}"
EndProject
Project("{FAE04EC0-301F-11D3-BF4B-00C04F79EFBC}") = "Assembly-CSharp-Editor", "Assembly-CSharp-Editor.csproj", "{793C2DE6-55EC-08C6-B148-2B1F3C60519F}"
EndProject
Global
	GlobalSection(SolutionConfigurationPlatforms) = preSolution
		Debug|Any CPU = Debug|Any CPU
		Release|Any CPU = Release|Any CPU
	EndGlobalSection
	GlobalSection(ProjectConfigurationPlatforms) = postSolution
		{58B3A271-EC86-331C-919A-4DFC8F5DC6AE}.Debug|Any CPU.ActiveCfg = Debug|Any CPU
		{58B3A271-EC86-331C-919A-4DFC8F5DC6AE}.Debug|Any CPU.Build.0 = Debug|Any CPU
		{58B3A271-EC86-331C-919A-4DFC8F5DC6AE}.Release|Any CPU.ActiveCfg = Release|Any CPU
		{58B3A271-EC86-331C-919A-4DFC8F5DC6AE}.Release|Any CPU.Build.0 = Release|Any CPU
		{793C2DE6-55EC-08C6-B148-2B1F3C60519F}.Debug|Any CPU.ActiveCfg = Debug|Any CPU
		{793C2DE6-55EC-08C6-B148-2B1F3C60519F}.Debug|Any CPU.Build.0 = Debug|Any CPU
		{793C2DE6-55EC-08C6-B148-2B1F3C60519F}.Release|Any CPU.ActiveCfg = Release|Any CPU
		{793C2DE6-55EC-08C6-B148-2B1F3C60519F}.Release|Any CPU.Build.0 = Release|Any CPU
	EndGlobalSection
	GlobalSection(SolutionProperties) = preSolution
		HideSolutionNode = FALSE
	EndGlobalSection
EndGlobal
